// !$*UTF8*$!
{
	archiveVersion = 1;
	classes = {
	};
	objectVersion = 55;
	objects = {

/* Begin PBXBuildFile section */
		75E4A63A276B21ED00E9A838 /* AppDelegate.swift in Sources */ = {isa = PBXBuildFile; fileRef = 75E4A639276B21ED00E9A838 /* AppDelegate.swift */; };
		75E4A63C276B21ED00E9A838 /* SceneDelegate.swift in Sources */ = {isa = PBXBuildFile; fileRef = 75E4A63B276B21ED00E9A838 /* SceneDelegate.swift */; };
		75E4A643276B21EE00E9A838 /* Assets.xcassets in Resources */ = {isa = PBXBuildFile; fileRef = 75E4A642276B21EE00E9A838 /* Assets.xcassets */; };
		75E4A646276B21EE00E9A838 /* LaunchScreen.storyboard in Resources */ = {isa = PBXBuildFile; fileRef = 75E4A644276B21EE00E9A838 /* LaunchScreen.storyboard */; };
		75E4A650276B24CB00E9A838 /* TabBarViewController.swift in Sources */ = {isa = PBXBuildFile; fileRef = 75E4A64E276B24CB00E9A838 /* TabBarViewController.swift */; };
		75E4A651276B24CB00E9A838 /* TabBarViewController.xib in Resources */ = {isa = PBXBuildFile; fileRef = 75E4A64F276B24CB00E9A838 /* TabBarViewController.xib */; };
		75E4A656276B26A700E9A838 /* ReviewViewController.swift in Sources */ = {isa = PBXBuildFile; fileRef = 75E4A654276B26A700E9A838 /* ReviewViewController.swift */; };
		75E4A657276B26A700E9A838 /* ReviewViewController.xib in Resources */ = {isa = PBXBuildFile; fileRef = 75E4A655276B26A700E9A838 /* ReviewViewController.xib */; };
		75E4A65B276B26B900E9A838 /* SearchViewController.swift in Sources */ = {isa = PBXBuildFile; fileRef = 75E4A659276B26B900E9A838 /* SearchViewController.swift */; };
		75E4A65C276B26B900E9A838 /* SearchViewController.xib in Resources */ = {isa = PBXBuildFile; fileRef = 75E4A65A276B26B900E9A838 /* SearchViewController.xib */; };
/* End PBXBuildFile section */

/* Begin PBXFileReference section */
		75E4A636276B21ED00E9A838 /* TabBarControllerNotification.app */ = {isa = PBXFileReference; explicitFileType = wrapper.application; includeInIndex = 0; path = TabBarControllerNotification.app; sourceTree = BUILT_PRODUCTS_DIR; };
		75E4A639276B21ED00E9A838 /* AppDelegate.swift */ = {isa = PBXFileReference; lastKnownFileType = sourcecode.swift; path = AppDelegate.swift; sourceTree = "<group>"; };
		75E4A63B276B21ED00E9A838 /* SceneDelegate.swift */ = {isa = PBXFileReference; lastKnownFileType = sourcecode.swift; path = SceneDelegate.swift; sourceTree = "<group>"; };
		75E4A642276B21EE00E9A838 /* Assets.xcassets */ = {isa = PBXFileReference; lastKnownFileType = folder.assetcatalog; path = Assets.xcassets; sourceTree = "<group>"; };
		75E4A645276B21EE00E9A838 /* Base */ = {isa = PBXFileReference; lastKnownFileType = file.storyboard; name = Base; path = Base.lproj/LaunchScreen.storyboard; sourceTree = "<group>"; };
		75E4A647276B21EE00E9A838 /* Info.plist */ = {isa = PBXFileReference; lastKnownFileType = text.plist.xml; path = Info.plist; sourceTree = "<group>"; };
		75E4A64E276B24CB00E9A838 /* TabBarViewController.swift */ = {isa = PBXFileReference; lastKnownFileType = sourcecode.swift; path = TabBarViewController.swift; sourceTree = "<group>"; };
		75E4A64F276B24CB00E9A838 /* TabBarViewController.xib */ = {isa = PBXFileReference; lastKnownFileType = file.xib; path = TabBarViewController.xib; sourceTree = "<group>"; };
		75E4A654276B26A700E9A838 /* ReviewViewController.swift */ = {isa = PBXFileReference; lastKnownFileType = sourcecode.swift; path = ReviewViewController.swift; sourceTree = "<group>"; };
		75E4A655276B26A700E9A838 /* ReviewViewController.xib */ = {isa = PBXFileReference; lastKnownFileType = file.xib; path = ReviewViewController.xib; sourceTree = "<group>"; };
		75E4A659276B26B900E9A838 /* SearchViewController.swift */ = {isa = PBXFileReference; lastKnownFileType = sourcecode.swift; path = SearchViewController.swift; sourceTree = "<group>"; };
		75E4A65A276B26B900E9A838 /* SearchViewController.xib */ = {isa = PBXFileReference; lastKnownFileType = file.xib; path = SearchViewController.xib; sourceTree = "<group>"; };
/* End PBXFileReference section */

/* Begin PBXFrameworksBuildPhase section */
		75E4A633276B21ED00E9A838 /* Frameworks */ = {
			isa = PBXFrameworksBuildPhase;
			buildActionMask = 2147483647;
			files = (
			);
			runOnlyForDeploymentPostprocessing = 0;
		};
/* End PBXFrameworksBuildPhase section */

/* Begin PBXGroup section */
		75E4A62D276B21ED00E9A838 = {
			isa = PBXGroup;
			children = (
				75E4A638276B21ED00E9A838 /* TabBarControllerNotification */,
				75E4A637276B21ED00E9A838 /* Products */,
			);
			sourceTree = "<group>";
		};
		75E4A637276B21ED00E9A838 /* Products */ = {
			isa = PBXGroup;
			children = (
				75E4A636276B21ED00E9A838 /* TabBarControllerNotification.app */,
			);
			name = Products;
			sourceTree = "<group>";
		};
		75E4A638276B21ED00E9A838 /* TabBarControllerNotification */ = {
			isa = PBXGroup;
			children = (
				75E4A64D276B249300E9A838 /* TabBar */,
				75E4A658276B26AC00E9A838 /* Search */,
				75E4A653276B268A00E9A838 /* Review */,
				75E4A639276B21ED00E9A838 /* AppDelegate.swift */,
				75E4A63B276B21ED00E9A838 /* SceneDelegate.swift */,
				75E4A642276B21EE00E9A838 /* Assets.xcassets */,
				75E4A644276B21EE00E9A838 /* LaunchScreen.storyboard */,
				75E4A647276B21EE00E9A838 /* Info.plist */,
			);
			path = TabBarControllerNotification;
			sourceTree = "<group>";
		};
		75E4A64D276B249300E9A838 /* TabBar */ = {
			isa = PBXGroup;
			children = (
				75E4A64E276B24CB00E9A838 /* TabBarViewController.swift */,
				75E4A64F276B24CB00E9A838 /* TabBarViewController.xib */,
			);
			path = TabBar;
			sourceTree = "<group>";
		};
		75E4A653276B268A00E9A838 /* Review */ = {
			isa = PBXGroup;
			children = (
				75E4A654276B26A700E9A838 /* ReviewViewController.swift */,
				75E4A655276B26A700E9A838 /* ReviewViewController.xib */,
			);
			path = Review;
			sourceTree = "<group>";
		};
		75E4A658276B26AC00E9A838 /* Search */ = {
			isa = PBXGroup;
			children = (
				75E4A659276B26B900E9A838 /* SearchViewController.swift */,
				75E4A65A276B26B900E9A838 /* SearchViewController.xib */,
			);
			path = Search;
			sourceTree = "<group>";
		};
/* End PBXGroup section */

/* Begin PBXNativeTarget section */
		75E4A635276B21ED00E9A838 /* TabBarControllerNotification */ = {
			isa = PBXNativeTarget;
			buildConfigurationList = 75E4A64A276B21EE00E9A838 /* Build configuration list for PBXNativeTarget "TabBarControllerNotification" */;
			buildPhases = (
				75E4A632276B21ED00E9A838 /* Sources */,
				75E4A633276B21ED00E9A838 /* Frameworks */,
				75E4A634276B21ED00E9A838 /* Resources */,
			);
			buildRules = (
			);
			dependencies = (
			);
			name = TabBarControllerNotification;
			productName = TabBarControllerNotification;
			productReference = 75E4A636276B21ED00E9A838 /* TabBarControllerNotification.app */;
			productType = "com.apple.product-type.application";
		};
/* End PBXNativeTarget section */

/* Begin PBXProject section */
		75E4A62E276B21ED00E9A838 /* Project object */ = {
			isa = PBXProject;
			attributes = {
				BuildIndependentTargetsInParallel = 1;
				LastSwiftUpdateCheck = 1310;
				LastUpgradeCheck = 1310;
				TargetAttributes = {
					75E4A635276B21ED00E9A838 = {
						CreatedOnToolsVersion = 13.1;
					};
				};
			};
			buildConfigurationList = 75E4A631276B21ED00E9A838 /* Build configuration list for PBXProject "TabBarControllerNotification" */;
			compatibilityVersion = "Xcode 13.0";
			developmentRegion = en;
			hasScannedForEncodings = 0;
			knownRegions = (
				en,
				Base,
			);
			mainGroup = 75E4A62D276B21ED00E9A838;
			productRefGroup = 75E4A637276B21ED00E9A838 /* Products */;
			projectDirPath = "";
			projectRoot = "";
			targets = (
				75E4A635276B21ED00E9A838 /* TabBarControllerNotification */,
			);
		};
/* End PBXProject section */

/* Begin PBXResourcesBuildPhase section */
		75E4A634276B21ED00E9A838 /* Resources */ = {
			isa = PBXResourcesBuildPhase;
			buildActionMask = 2147483647;
			files = (
				75E4A646276B21EE00E9A838 /* LaunchScreen.storyboard in Resources */,
				75E4A651276B24CB00E9A838 /* TabBarViewController.xib in Resources */,
				75E4A657276B26A700E9A838 /* ReviewViewController.xib in Resources */,
				75E4A65C276B26B900E9A838 /* SearchViewController.xib in Resources */,
				75E4A643276B21EE00E9A838 /* Assets.xcassets in Resources */,
			);
			runOnlyForDeploymentPostprocessing = 0;
		};
/* End PBXResourcesBuildPhase section */

/* Begin PBXSourcesBuildPhase section */
		75E4A632276B21ED00E9A838 /* Sources */ = {
			isa = PBXSourcesBuildPhase;
			buildActionMask = 2147483647;
			files = (
				75E4A65B276B26B900E9A838 /* SearchViewController.swift in Sources */,
				75E4A63A276B21ED00E9A838 /* AppDelegate.swift in Sources */,
				75E4A650276B24CB00E9A838 /* TabBarViewController.swift in Sources */,
				75E4A656276B26A700E9A838 /* ReviewViewController.swift in Sources */,
				75E4A63C276B21ED00E9A838 /* SceneDelegate.swift in Sources */,
			);
			runOnlyForDeploymentPostprocessing = 0;
		};
/* End PBXSourcesBuildPhase section */

/* Begin PBXVariantGroup section */
		75E4A644276B21EE00E9A838 /* LaunchScreen.storyboard */ = {
			isa = PBXVariantGroup;
			children = (
				75E4A645276B21EE00E9A838 /* Base */,
			);
			name = LaunchScreen.storyboard;
			sourceTree = "<group>";
		};
/* End PBXVariantGroup section */

/* Begin XCBuildConfiguration section */
		75E4A648276B21EE00E9A838 /* Debug */ = {
			isa = XCBuildConfiguration;
			buildSettings = {
				ALWAYS_SEARCH_USER_PATHS = NO;
				CLANG_ANALYZER_NONNULL = YES;
				CLANG_ANALYZER_NUMBER_OBJECT_CONVERSION = YES_AGGRESSIVE;
				CLANG_CXX_LANGUAGE_STANDARD = "gnu++17";
				CLANG_CXX_LIBRARY = "libc++";
				CLANG_ENABLE_MODULES = YES;
				CLANG_ENABLE_OBJC_ARC = YES;
				CLANG_ENABLE_OBJC_WEAK = YES;
				CLANG_WARN_BLOCK_CAPTURE_AUTORELEASING = YES;
				CLANG_WARN_BOOL_CONVERSION = YES;
				CLANG_WARN_COMMA = YES;
				CLANG_WARN_CONSTANT_CONVERSION = YES;
				CLANG_WARN_DEPRECATED_OBJC_IMPLEMENTATIONS = YES;
				CLANG_WARN_DIRECT_OBJC_ISA_USAGE = YES_ERROR;
				CLANG_WARN_DOCUMENTATION_COMMENTS = YES;
				CLANG_WARN_EMPTY_BODY = YES;
				CLANG_WARN_ENUM_CONVERSION = YES;
				CLANG_WARN_INFINITE_RECURSION = YES;
				CLANG_WARN_INT_CONVERSION = YES;
				CLANG_WARN_NON_LITERAL_NULL_CONVERSION = YES;
				CLANG_WARN_OBJC_IMPLICIT_RETAIN_SELF = YES;
				CLANG_WARN_OBJC_LITERAL_CONVERSION = YES;
				CLANG_WARN_OBJC_ROOT_CLASS = YES_ERROR;
				CLANG_WARN_QUOTED_INCLUDE_IN_FRAMEWORK_HEADER = YES;
				CLANG_WARN_RANGE_LOOP_ANALYSIS = YES;
				CLANG_WARN_STRICT_PROTOTYPES = YES;
				CLANG_WARN_SUSPICIOUS_MOVE = YES;
				CLANG_WARN_UNGUARDED_AVAILABILITY = YES_AGGRESSIVE;
				CLANG_WARN_UNREACHABLE_CODE = YES;
				CLANG_WARN__DUPLICATE_METHOD_MATCH = YES;
				COPY_PHASE_STRIP = NO;
				DEBUG_INFORMATION_FORMAT = dwarf;
				ENABLE_STRICT_OBJC_MSGSEND = YES;
				ENABLE_TESTABILITY = YES;
				GCC_C_LANGUAGE_STANDARD = gnu11;
				GCC_DYNAMIC_NO_PIC = NO;
				GCC_NO_COMMON_BLOCKS = YES;
				GCC_OPTIMIZATION_LEVEL = 0;
				GCC_PREPROCESSOR_DEFINITIONS = (
					"DEBUG=1",
					"$(inherited)",
				);
				GCC_WARN_64_TO_32_BIT_CONVERSION = YES;
				GCC_WARN_ABOUT_RETURN_TYPE = YES_ERROR;
				GCC_WARN_UNDECLARED_SELECTOR = YES;
				GCC_WARN_UNINITIALIZED_AUTOS = YES_AGGRESSIVE;
				GCC_WARN_UNUSED_FUNCTION = YES;
				GCC_WARN_UNUSED_VARIABLE = YES;
				IPHONEOS_DEPLOYMENT_TARGET = 15.0;
				MTL_ENABLE_DEBUG_INFO = INCLUDE_SOURCE;
				MTL_FAST_MATH = YES;
				ONLY_ACTIVE_ARCH = YES;
				SDKROOT = iphoneos;
				SWIFT_ACTIVE_COMPILATION_CONDITIONS = DEBUG;
				SWIFT_OPTIMIZATION_LEVEL = "-Onone";
			};
			name = Debug;
		};
		75E4A649276B21EE00E9A838 /* Release */ = {
			isa = XCBuildConfiguration;
			buildSettings = {
				ALWAYS_SEARCH_USER_PATHS = NO;
				CLANG_ANALYZER_NONNULL = YES;
				CLANG_ANALYZER_NUMBER_OBJECT_CONVERSION = YES_AGGRESSIVE;
				CLANG_CXX_LANGUAGE_STANDARD = "gnu++17";
				CLANG_CXX_LIBRARY = "libc++";
				CLANG_ENABLE_MODULES = YES;
				CLANG_ENABLE_OBJC_ARC = YES;
				CLANG_ENABLE_OBJC_WEAK = YES;
				CLANG_WARN_BLOCK_CAPTURE_AUTORELEASING = YES;
				CLANG_WARN_BOOL_CONVERSION = YES;
				CLANG_WARN_COMMA = YES;
				CLANG_WARN_CONSTANT_CONVERSION = YES;
				CLANG_WARN_DEPRECATED_OBJC_IMPLEMENTATIONS = YES;
				CLANG_WARN_DIRECT_OBJC_ISA_USAGE = YES_ERROR;
				CLANG_WARN_DOCUMENTATION_COMMENTS = YES;
				CLANG_WARN_EMPTY_BODY = YES;
				CLANG_WARN_ENUM_CONVERSION = YES;
				CLANG_WARN_INFINITE_RECURSION = YES;
				CLANG_WARN_INT_CONVERSION = YES;
				CLANG_WARN_NON_LITERAL_NULL_CONVERSION = YES;
				CLANG_WARN_OBJC_IMPLICIT_RETAIN_SELF = YES;
				CLANG_WARN_OBJC_LITERAL_CONVERSION = YES;
				CLANG_WARN_OBJC_ROOT_CLASS = YES_ERROR;
				CLANG_WARN_QUOTED_INCLUDE_IN_FRAMEWORK_HEADER = YES;
				CLANG_WARN_RANGE_LOOP_ANALYSIS = YES;
				CLANG_WARN_STRICT_PROTOTYPES = YES;
				CLANG_WARN_SUSPICIOUS_MOVE = YES;
				CLANG_WARN_UNGUARDED_AVAILABILITY = YES_AGGRESSIVE;
				CLANG_WARN_UNREACHABLE_CODE = YES;
				CLANG_WARN__DUPLICATE_METHOD_MATCH = YES;
				COPY_PHASE_STRIP = NO;
				DEBUG_INFORMATION_FORMAT = "dwarf-with-dsym";
				ENABLE_NS_ASSERTIONS = NO;
				ENABLE_STRICT_OBJC_MSGSEND = YES;
				GCC_C_LANGUAGE_STANDARD = gnu11;
				GCC_NO_COMMON_BLOCKS = YES;
				GCC_WARN_64_TO_32_BIT_CONVERSION = YES;
				GCC_WARN_ABOUT_RETURN_TYPE = YES_ERROR;
				GCC_WARN_UNDECLARED_SELECTOR = YES;
				GCC_WARN_UNINITIALIZED_AUTOS = YES_AGGRESSIVE;
				GCC_WARN_UNUSED_FUNCTION = YES;
				GCC_WARN_UNUSED_VARIABLE = YES;
				IPHONEOS_DEPLOYMENT_TARGET = 15.0;
				MTL_ENABLE_DEBUG_INFO = NO;
				MTL_FAST_MATH = YES;
				SDKROOT = iphoneos;
				SWIFT_COMPILATION_MODE = wholemodule;
				SWIFT_OPTIMIZATION_LEVEL = "-O";
				VALIDATE_PRODUCT = YES;
			};
			name = Release;
		};
		75E4A64B276B21EE00E9A838 /* Debug */ = {
			isa = XCBuildConfiguration;
			buildSettings = {
				ASSETCATALOG_COMPILER_APPICON_NAME = AppIcon;
				ASSETCATALOG_COMPILER_GLOBAL_ACCENT_COLOR_NAME = AccentColor;
				CODE_SIGN_STYLE = Automatic;
				CURRENT_PROJECT_VERSION = 1;
				DEVELOPMENT_TEAM = N53995CJPD;
				GENERATE_INFOPLIST_FILE = YES;
				INFOPLIST_FILE = TabBarControllerNotification/Info.plist;
				INFOPLIST_KEY_UIApplicationSupportsIndirectInputEvents = YES;
				INFOPLIST_KEY_UILaunchStoryboardName = LaunchScreen;
				INFOPLIST_KEY_UISupportedInterfaceOrientations_iPad = "UIInterfaceOrientationPortrait UIInterfaceOrientationPortraitUpsideDown UIInterfaceOrientationLandscapeLeft UIInterfaceOrientationLandscapeRight";
				INFOPLIST_KEY_UISupportedInterfaceOrientations_iPhone = "UIInterfaceOrientationPortrait UIInterfaceOrientationLandscapeLeft UIInterfaceOrientationLandscapeRight";
				LD_RUNPATH_SEARCH_PATHS = (
					"$(inherited)",
					"@executable_path/Frameworks",
				);
				MARKETING_VERSION = 1.0;
				PRODUCT_BUNDLE_IDENTIFIER = com.tatsuo.TabBarControllerNotification;
				PRODUCT_NAME = "$(TARGET_NAME)";
				SWIFT_EMIT_LOC_STRINGS = YES;
				SWIFT_VERSION = 5.0;
				TARGETED_DEVICE_FAMILY = "1,2";
			};
			name = Debug;
		};
		75E4A64C276B21EE00E9A838 /* Release */ = {
			isa = XCBuildConfiguration;
			buildSettings = {
				ASSETCATALOG_COMPILER_APPICON_NAME = AppIcon;
				ASSETCATALOG_COMPILER_GLOBAL_ACCENT_COLOR_NAME = AccentColor;
				CODE_SIGN_STYLE = Automatic;
				CURRENT_PROJECT_VERSION = 1;
				DEVELOPMENT_TEAM = N53995CJPD;
				GENERATE_INFOPLIST_FILE = YES;
				INFOPLIST_FILE = TabBarControllerNotification/Info.plist;
				INFOPLIST_KEY_UIApplicationSupportsIndirectInputEvents = YES;
				INFOPLIST_KEY_UILaunchStoryboardName = LaunchScreen;
				INFOPLIST_KEY_UISupportedInterfaceOrientations_iPad = "UIInterfaceOrientationPortrait UIInterfaceOrientationPortraitUpsideDown UIInterfaceOrientationLandscapeLeft UIInterfaceOrientationLandscapeRight";
				INFOPLIST_KEY_UISupportedInterfaceOrientations_iPhone = "UIInterfaceOrientationPortrait UIInterfaceOrientationLandscapeLeft UIInterfaceOrientationLandscapeRight";
				LD_RUNPATH_SEARCH_PATHS = (
					"$(inherited)",
					"@executable_path/Frameworks",
				);
				MARKETING_VERSION = 1.0;
				PRODUCT_BUNDLE_IDENTIFIER = com.tatsuo.TabBarControllerNotification;
				PRODUCT_NAME = "$(TARGET_NAME)";
				SWIFT_EMIT_LOC_STRINGS = YES;
				SWIFT_VERSION = 5.0;
				TARGETED_DEVICE_FAMILY = "1,2";
			};
			name = Release;
		};
/* End XCBuildConfiguration section */

/* Begin XCConfigurationList section */
		75E4A631276B21ED00E9A838 /* Build configuration list for PBXProject "TabBarControllerNotification" */ = {
			isa = XCConfigurationList;
			buildConfigurations = (
				75E4A648276B21EE00E9A838 /* Debug */,
				75E4A649276B21EE00E9A838 /* Release */,
			);
			defaultConfigurationIsVisible = 0;
			defaultConfigurationName = Release;
		};
		75E4A64A276B21EE00E9A838 /* Build configuration list for PBXNativeTarget "TabBarControllerNotification" */ = {
			isa = XCConfigurationList;
			buildConfigurations = (
				75E4A64B276B21EE00E9A838 /* Debug */,
				75E4A64C276B21EE00E9A838 /* Release */,
			);
			defaultConfigurationIsVisible = 0;
			defaultConfigurationName = Release;
		};
/* End XCConfigurationList section */
	};
	rootObject = 75E4A62E276B21ED00E9A838 /* Project object */;
}
